// !$*UTF8*$!
{
	archiveVersion = 1;
	classes = {
	};
	objectVersion = 50;
	objects = {

/* Begin PBXBuildFile section */
		4568B6FF250AF8B200131597 /* AppDelegate.swift in Sources */ = {isa = PBXBuildFile; fileRef = 4568B6FE250AF8B200131597 /* AppDelegate.swift */; };
		4568B701250AF8B200131597 /* SceneDelegate.swift in Sources */ = {isa = PBXBuildFile; fileRef = 4568B700250AF8B200131597 /* SceneDelegate.swift */; };
		4568B708250AF8B200131597 /* Main.storyboard in Resources */ = {isa = PBXBuildFile; fileRef = 4568B706250AF8B200131597 /* Main.storyboard */; };
		4568B70A250AF8B600131597 /* Assets.xcassets in Resources */ = {isa = PBXBuildFile; fileRef = 4568B709250AF8B600131597 /* Assets.xcassets */; };
		4568B70D250AF8B600131597 /* LaunchScreen.storyboard in Resources */ = {isa = PBXBuildFile; fileRef = 4568B70B250AF8B600131597 /* LaunchScreen.storyboard */; };
		4568B718250AF97500131597 /* HomeViewController.swift in Sources */ = {isa = PBXBuildFile; fileRef = 4568B717250AF97500131597 /* HomeViewController.swift */; };
		4568B71A250AF98700131597 /* FollowerViewController.swift in Sources */ = {isa = PBXBuildFile; fileRef = 4568B719250AF98700131597 /* FollowerViewController.swift */; };
		4568B71C250AF99700131597 /* UserInfoViewController.swift in Sources */ = {isa = PBXBuildFile; fileRef = 4568B71B250AF99700131597 /* UserInfoViewController.swift */; };
		4568B71E250B60DD00131597 /* RequestViewController.swift in Sources */ = {isa = PBXBuildFile; fileRef = 4568B71D250B60DD00131597 /* RequestViewController.swift */; };
		4568B720250B60E800131597 /* SearchViewController.swift in Sources */ = {isa = PBXBuildFile; fileRef = 4568B71F250B60E800131597 /* SearchViewController.swift */; };
		702CDD33FB558FDFD49B5A96 /* Pods_Motivation_.framework in Frameworks */ = {isa = PBXBuildFile; fileRef = 3E57B94FDF73A56422D13A3A /* Pods_Motivation_.framework */; };
/* End PBXBuildFile section */

/* Begin PBXFileReference section */
		27B883F4F2557D085951D8B5 /* Pods-Motivation+.debug.xcconfig */ = {isa = PBXFileReference; includeInIndex = 1; lastKnownFileType = text.xcconfig; name = "Pods-Motivation+.debug.xcconfig"; path = "Target Support Files/Pods-Motivation+/Pods-Motivation+.debug.xcconfig"; sourceTree = "<group>"; };
		3E57B94FDF73A56422D13A3A /* Pods_Motivation_.framework */ = {isa = PBXFileReference; explicitFileType = wrapper.framework; includeInIndex = 0; path = Pods_Motivation_.framework; sourceTree = BUILT_PRODUCTS_DIR; };
		4568B6FB250AF8B200131597 /* Motivation+.app */ = {isa = PBXFileReference; explicitFileType = wrapper.application; includeInIndex = 0; path = "Motivation+.app"; sourceTree = BUILT_PRODUCTS_DIR; };
		4568B6FE250AF8B200131597 /* AppDelegate.swift */ = {isa = PBXFileReference; lastKnownFileType = sourcecode.swift; path = AppDelegate.swift; sourceTree = "<group>"; };
		4568B700250AF8B200131597 /* SceneDelegate.swift */ = {isa = PBXFileReference; lastKnownFileType = sourcecode.swift; path = SceneDelegate.swift; sourceTree = "<group>"; };
		4568B707250AF8B200131597 /* Base */ = {isa = PBXFileReference; lastKnownFileType = file.storyboard; name = Base; path = Base.lproj/Main.storyboard; sourceTree = "<group>"; };
		4568B709250AF8B600131597 /* Assets.xcassets */ = {isa = PBXFileReference; lastKnownFileType = folder.assetcatalog; path = Assets.xcassets; sourceTree = "<group>"; };
		4568B70C250AF8B600131597 /* Base */ = {isa = PBXFileReference; lastKnownFileType = file.storyboard; name = Base; path = Base.lproj/LaunchScreen.storyboard; sourceTree = "<group>"; };
		4568B70E250AF8B600131597 /* Info.plist */ = {isa = PBXFileReference; lastKnownFileType = text.plist.xml; path = Info.plist; sourceTree = "<group>"; };
		4568B717250AF97500131597 /* HomeViewController.swift */ = {isa = PBXFileReference; lastKnownFileType = sourcecode.swift; path = HomeViewController.swift; sourceTree = "<group>"; };
		4568B719250AF98700131597 /* FollowerViewController.swift */ = {isa = PBXFileReference; lastKnownFileType = sourcecode.swift; path = FollowerViewController.swift; sourceTree = "<group>"; };
		4568B71B250AF99700131597 /* UserInfoViewController.swift */ = {isa = PBXFileReference; lastKnownFileType = sourcecode.swift; path = UserInfoViewController.swift; sourceTree = "<group>"; };
		4568B71D250B60DD00131597 /* RequestViewController.swift */ = {isa = PBXFileReference; lastKnownFileType = sourcecode.swift; path = RequestViewController.swift; sourceTree = "<group>"; };
		4568B71F250B60E800131597 /* SearchViewController.swift */ = {isa = PBXFileReference; lastKnownFileType = sourcecode.swift; path = SearchViewController.swift; sourceTree = "<group>"; };
		FF088CB4627F31B4E92257AA /* Pods-Motivation+.release.xcconfig */ = {isa = PBXFileReference; includeInIndex = 1; lastKnownFileType = text.xcconfig; name = "Pods-Motivation+.release.xcconfig"; path = "Target Support Files/Pods-Motivation+/Pods-Motivation+.release.xcconfig"; sourceTree = "<group>"; };
/* End PBXFileReference section */

/* Begin PBXFrameworksBuildPhase section */
		4568B6F8250AF8B200131597 /* Frameworks */ = {
			isa = PBXFrameworksBuildPhase;
			buildActionMask = 2147483647;
			files = (
				702CDD33FB558FDFD49B5A96 /* Pods_Motivation_.framework in Frameworks */,
			);
			runOnlyForDeploymentPostprocessing = 0;
		};
/* End PBXFrameworksBuildPhase section */

/* Begin PBXGroup section */
		4568B6F2250AF8B200131597 = {
			isa = PBXGroup;
			children = (
				4568B6FD250AF8B200131597 /* Motivation+ */,
				4568B6FC250AF8B200131597 /* Products */,
				5C71E86661935FE38A78548F /* Pods */,
				EB037D9C4CB9C4971B505C53 /* Frameworks */,
			);
			sourceTree = "<group>";
		};
		4568B6FC250AF8B200131597 /* Products */ = {
			isa = PBXGroup;
			children = (
				4568B6FB250AF8B200131597 /* Motivation+.app */,
			);
			name = Products;
			sourceTree = "<group>";
		};
		4568B6FD250AF8B200131597 /* Motivation+ */ = {
			isa = PBXGroup;
			children = (
				4568B716250AF8C900131597 /* Model */,
				4568B715250AF8C700131597 /* View */,
				4568B714250AF8C100131597 /* Controller */,
				4568B70B250AF8B600131597 /* LaunchScreen.storyboard */,
				4568B70E250AF8B600131597 /* Info.plist */,
			);
			path = "Motivation+";
			sourceTree = "<group>";
		};
		4568B714250AF8C100131597 /* Controller */ = {
			isa = PBXGroup;
			children = (
				4568B6FE250AF8B200131597 /* AppDelegate.swift */,
				4568B700250AF8B200131597 /* SceneDelegate.swift */,
				4568B717250AF97500131597 /* HomeViewController.swift */,
				4568B719250AF98700131597 /* FollowerViewController.swift */,
				4568B71B250AF99700131597 /* UserInfoViewController.swift */,
				4568B71D250B60DD00131597 /* RequestViewController.swift */,
				4568B71F250B60E800131597 /* SearchViewController.swift */,
			);
			path = Controller;
			sourceTree = "<group>";
		};
		4568B715250AF8C700131597 /* View */ = {
			isa = PBXGroup;
			children = (
				4568B706250AF8B200131597 /* Main.storyboard */,
				4568B709250AF8B600131597 /* Assets.xcassets */,
			);
			path = View;
			sourceTree = "<group>";
		};
		4568B716250AF8C900131597 /* Model */ = {
			isa = PBXGroup;
			children = (
			);
			path = Model;
			sourceTree = "<group>";
		};
		5C71E86661935FE38A78548F /* Pods */ = {
			isa = PBXGroup;
			children = (
				27B883F4F2557D085951D8B5 /* Pods-Motivation+.debug.xcconfig */,
				FF088CB4627F31B4E92257AA /* Pods-Motivation+.release.xcconfig */,
			);
			name = Pods;
			path = Pods;
			sourceTree = "<group>";
		};
		EB037D9C4CB9C4971B505C53 /* Frameworks */ = {
			isa = PBXGroup;
			children = (
				3E57B94FDF73A56422D13A3A /* Pods_Motivation_.framework */,
			);
			name = Frameworks;
			sourceTree = "<group>";
		};
/* End PBXGroup section */

/* Begin PBXNativeTarget section */
		4568B6FA250AF8B200131597 /* Motivation+ */ = {
			isa = PBXNativeTarget;
			buildConfigurationList = 4568B711250AF8B600131597 /* Build configuration list for PBXNativeTarget "Motivation+" */;
			buildPhases = (
				B6B97BA3F32E2EC2D91807B2 /* [CP] Check Pods Manifest.lock */,
				4568B6F7250AF8B200131597 /* Sources */,
				4568B6F8250AF8B200131597 /* Frameworks */,
				4568B6F9250AF8B200131597 /* Resources */,
				1565DEC5DB2CCC04C71D25AE /* [CP] Embed Pods Frameworks */,
			);
			buildRules = (
			);
			dependencies = (
			);
			name = "Motivation+";
			productName = "Motivation+";
			productReference = 4568B6FB250AF8B200131597 /* Motivation+.app */;
			productType = "com.apple.product-type.application";
		};
/* End PBXNativeTarget section */

/* Begin PBXProject section */
		4568B6F3250AF8B200131597 /* Project object */ = {
			isa = PBXProject;
			attributes = {
				LastSwiftUpdateCheck = 1170;
				LastUpgradeCheck = 1170;
				ORGANIZATIONNAME = "手塚友健";
				TargetAttributes = {
					4568B6FA250AF8B200131597 = {
						CreatedOnToolsVersion = 11.7;
					};
				};
			};
			buildConfigurationList = 4568B6F6250AF8B200131597 /* Build configuration list for PBXProject "Motivation+" */;
			compatibilityVersion = "Xcode 9.3";
			developmentRegion = en;
			hasScannedForEncodings = 0;
			knownRegions = (
				en,
				Base,
			);
			mainGroup = 4568B6F2250AF8B200131597;
			productRefGroup = 4568B6FC250AF8B200131597 /* Products */;
			projectDirPath = "";
			projectRoot = "";
			targets = (
				4568B6FA250AF8B200131597 /* Motivation+ */,
			);
		};
/* End PBXProject section */

/* Begin PBXResourcesBuildPhase section */
		4568B6F9250AF8B200131597 /* Resources */ = {
			isa = PBXResourcesBuildPhase;
			buildActionMask = 2147483647;
			files = (
				4568B70D250AF8B600131597 /* LaunchScreen.storyboard in Resources */,
				4568B70A250AF8B600131597 /* Assets.xcassets in Resources */,
				4568B708250AF8B200131597 /* Main.storyboard in Resources */,
			);
			runOnlyForDeploymentPostprocessing = 0;
		};
/* End PBXResourcesBuildPhase section */

/* Begin PBXShellScriptBuildPhase section */
		1565DEC5DB2CCC04C71D25AE /* [CP] Embed Pods Frameworks */ = {
			isa = PBXShellScriptBuildPhase;
			buildActionMask = 2147483647;
			files = (
			);
			inputFileListPaths = (
				"${PODS_ROOT}/Target Support Files/Pods-Motivation+/Pods-Motivation+-frameworks-${CONFIGURATION}-input-files.xcfilelist",
			);
			name = "[CP] Embed Pods Frameworks";
			outputFileListPaths = (
				"${PODS_ROOT}/Target Support Files/Pods-Motivation+/Pods-Motivation+-frameworks-${CONFIGURATION}-output-files.xcfilelist",
			);
			runOnlyForDeploymentPostprocessing = 0;
			shellPath = /bin/sh;
			shellScript = "\"${PODS_ROOT}/Target Support Files/Pods-Motivation+/Pods-Motivation+-frameworks.sh\"\n";
			showEnvVarsInLog = 0;
		};
		B6B97BA3F32E2EC2D91807B2 /* [CP] Check Pods Manifest.lock */ = {
			isa = PBXShellScriptBuildPhase;
			buildActionMask = 2147483647;
			files = (
			);
			inputFileListPaths = (
			);
			inputPaths = (
				"${PODS_PODFILE_DIR_PATH}/Podfile.lock",
				"${PODS_ROOT}/Manifest.lock",
			);
			name = "[CP] Check Pods Manifest.lock";
			outputFileListPaths = (
			);
			outputPaths = (
				"$(DERIVED_FILE_DIR)/Pods-Motivation+-checkManifestLockResult.txt",
			);
			runOnlyForDeploymentPostprocessing = 0;
			shellPath = /bin/sh;
			shellScript = "diff \"${PODS_PODFILE_DIR_PATH}/Podfile.lock\" \"${PODS_ROOT}/Manifest.lock\" > /dev/null\nif [ $? != 0 ] ; then\n    # print error to STDERR\n    echo \"error: The sandbox is not in sync with the Podfile.lock. Run 'pod install' or update your CocoaPods installation.\" >&2\n    exit 1\nfi\n# This output is used by Xcode 'outputs' to avoid re-running this script phase.\necho \"SUCCESS\" > \"${SCRIPT_OUTPUT_FILE_0}\"\n";
			showEnvVarsInLog = 0;
		};
/* End PBXShellScriptBuildPhase section */

/* Begin PBXSourcesBuildPhase section */
		4568B6F7250AF8B200131597 /* Sources */ = {
			isa = PBXSourcesBuildPhase;
			buildActionMask = 2147483647;
			files = (
				4568B71A250AF98700131597 /* FollowerViewController.swift in Sources */,
				4568B720250B60E800131597 /* SearchViewController.swift in Sources */,
				4568B6FF250AF8B200131597 /* AppDelegate.swift in Sources */,
				4568B71E250B60DD00131597 /* RequestViewController.swift in Sources */,
				4568B71C250AF99700131597 /* UserInfoViewController.swift in Sources */,
				4568B701250AF8B200131597 /* SceneDelegate.swift in Sources */,
				4568B718250AF97500131597 /* HomeViewController.swift in Sources */,
			);
			runOnlyForDeploymentPostprocessing = 0;
		};
/* End PBXSourcesBuildPhase section */

/* Begin PBXVariantGroup section */
		4568B706250AF8B200131597 /* Main.storyboard */ = {
			isa = PBXVariantGroup;
			children = (
				4568B707250AF8B200131597 /* Base */,
			);
			name = Main.storyboard;
			sourceTree = "<group>";
		};
		4568B70B250AF8B600131597 /* LaunchScreen.storyboard */ = {
			isa = PBXVariantGroup;
			children = (
				4568B70C250AF8B600131597 /* Base */,
			);
			name = LaunchScreen.storyboard;
			sourceTree = "<group>";
		};
/* End PBXVariantGroup section */

/* Begin XCBuildConfiguration section */
		4568B70F250AF8B600131597 /* Debug */ = {
			isa = XCBuildConfiguration;
			buildSettings = {
				ALWAYS_SEARCH_USER_PATHS = NO;
				CLANG_ANALYZER_NONNULL = YES;
				CLANG_ANALYZER_NUMBER_OBJECT_CONVERSION = YES_AGGRESSIVE;
				CLANG_CXX_LANGUAGE_STANDARD = "gnu++14";
				CLANG_CXX_LIBRARY = "libc++";
				CLANG_ENABLE_MODULES = YES;
				CLANG_ENABLE_OBJC_ARC = YES;
				CLANG_ENABLE_OBJC_WEAK = YES;
				CLANG_WARN_BLOCK_CAPTURE_AUTORELEASING = YES;
				CLANG_WARN_BOOL_CONVERSION = YES;
				CLANG_WARN_COMMA = YES;
				CLANG_WARN_CONSTANT_CONVERSION = YES;
				CLANG_WARN_DEPRECATED_OBJC_IMPLEMENTATIONS = YES;
				CLANG_WARN_DIRECT_OBJC_ISA_USAGE = YES_ERROR;
				CLANG_WARN_DOCUMENTATION_COMMENTS = YES;
				CLANG_WARN_EMPTY_BODY = YES;
				CLANG_WARN_ENUM_CONVERSION = YES;
				CLANG_WARN_INFINITE_RECURSION = YES;
				CLANG_WARN_INT_CONVERSION = YES;
				CLANG_WARN_NON_LITERAL_NULL_CONVERSION = YES;
				CLANG_WARN_OBJC_IMPLICIT_RETAIN_SELF = YES;
				CLANG_WARN_OBJC_LITERAL_CONVERSION = YES;
				CLANG_WARN_OBJC_ROOT_CLASS = YES_ERROR;
				CLANG_WARN_RANGE_LOOP_ANALYSIS = YES;
				CLANG_WARN_STRICT_PROTOTYPES = YES;
				CLANG_WARN_SUSPICIOUS_MOVE = YES;
				CLANG_WARN_UNGUARDED_AVAILABILITY = YES_AGGRESSIVE;
				CLANG_WARN_UNREACHABLE_CODE = YES;
				CLANG_WARN__DUPLICATE_METHOD_MATCH = YES;
				COPY_PHASE_STRIP = NO;
				DEBUG_INFORMATION_FORMAT = dwarf;
				ENABLE_STRICT_OBJC_MSGSEND = YES;
				ENABLE_TESTABILITY = YES;
				GCC_C_LANGUAGE_STANDARD = gnu11;
				GCC_DYNAMIC_NO_PIC = NO;
				GCC_NO_COMMON_BLOCKS = YES;
				GCC_OPTIMIZATION_LEVEL = 0;
				GCC_PREPROCESSOR_DEFINITIONS = (
					"DEBUG=1",
					"$(inherited)",
				);
				GCC_WARN_64_TO_32_BIT_CONVERSION = YES;
				GCC_WARN_ABOUT_RETURN_TYPE = YES_ERROR;
				GCC_WARN_UNDECLARED_SELECTOR = YES;
				GCC_WARN_UNINITIALIZED_AUTOS = YES_AGGRESSIVE;
				GCC_WARN_UNUSED_FUNCTION = YES;
				GCC_WARN_UNUSED_VARIABLE = YES;
				IPHONEOS_DEPLOYMENT_TARGET = 13.7;
				MTL_ENABLE_DEBUG_INFO = INCLUDE_SOURCE;
				MTL_FAST_MATH = YES;
				ONLY_ACTIVE_ARCH = YES;
				SDKROOT = iphoneos;
				SWIFT_ACTIVE_COMPILATION_CONDITIONS = DEBUG;
				SWIFT_OPTIMIZATION_LEVEL = "-Onone";
			};
			name = Debug;
		};
		4568B710250AF8B600131597 /* Release */ = {
			isa = XCBuildConfiguration;
			buildSettings = {
				ALWAYS_SEARCH_USER_PATHS = NO;
				CLANG_ANALYZER_NONNULL = YES;
				CLANG_ANALYZER_NUMBER_OBJECT_CONVERSION = YES_AGGRESSIVE;
				CLANG_CXX_LANGUAGE_STANDARD = "gnu++14";
				CLANG_CXX_LIBRARY = "libc++";
				CLANG_ENABLE_MODULES = YES;
				CLANG_ENABLE_OBJC_ARC = YES;
				CLANG_ENABLE_OBJC_WEAK = YES;
				CLANG_WARN_BLOCK_CAPTURE_AUTORELEASING = YES;
				CLANG_WARN_BOOL_CONVERSION = YES;
				CLANG_WARN_COMMA = YES;
				CLANG_WARN_CONSTANT_CONVERSION = YES;
				CLANG_WARN_DEPRECATED_OBJC_IMPLEMENTATIONS = YES;
				CLANG_WARN_DIRECT_OBJC_ISA_USAGE = YES_ERROR;
				CLANG_WARN_DOCUMENTATION_COMMENTS = YES;
				CLANG_WARN_EMPTY_BODY = YES;
				CLANG_WARN_ENUM_CONVERSION = YES;
				CLANG_WARN_INFINITE_RECURSION = YES;
				CLANG_WARN_INT_CONVERSION = YES;
				CLANG_WARN_NON_LITERAL_NULL_CONVERSION = YES;
				CLANG_WARN_OBJC_IMPLICIT_RETAIN_SELF = YES;
				CLANG_WARN_OBJC_LITERAL_CONVERSION = YES;
				CLANG_WARN_OBJC_ROOT_CLASS = YES_ERROR;
				CLANG_WARN_RANGE_LOOP_ANALYSIS = YES;
				CLANG_WARN_STRICT_PROTOTYPES = YES;
				CLANG_WARN_SUSPICIOUS_MOVE = YES;
				CLANG_WARN_UNGUARDED_AVAILABILITY = YES_AGGRESSIVE;
				CLANG_WARN_UNREACHABLE_CODE = YES;
				CLANG_WARN__DUPLICATE_METHOD_MATCH = YES;
				COPY_PHASE_STRIP = NO;
				DEBUG_INFORMATION_FORMAT = "dwarf-with-dsym";
				ENABLE_NS_ASSERTIONS = NO;
				ENABLE_STRICT_OBJC_MSGSEND = YES;
				GCC_C_LANGUAGE_STANDARD = gnu11;
				GCC_NO_COMMON_BLOCKS = YES;
				GCC_WARN_64_TO_32_BIT_CONVERSION = YES;
				GCC_WARN_ABOUT_RETURN_TYPE = YES_ERROR;
				GCC_WARN_UNDECLARED_SELECTOR = YES;
				GCC_WARN_UNINITIALIZED_AUTOS = YES_AGGRESSIVE;
				GCC_WARN_UNUSED_FUNCTION = YES;
				GCC_WARN_UNUSED_VARIABLE = YES;
				IPHONEOS_DEPLOYMENT_TARGET = 13.7;
				MTL_ENABLE_DEBUG_INFO = NO;
				MTL_FAST_MATH = YES;
				SDKROOT = iphoneos;
				SWIFT_COMPILATION_MODE = wholemodule;
				SWIFT_OPTIMIZATION_LEVEL = "-O";
				VALIDATE_PRODUCT = YES;
			};
			name = Release;
		};
		4568B712250AF8B600131597 /* Debug */ = {
			isa = XCBuildConfiguration;
			baseConfigurationReference = 27B883F4F2557D085951D8B5 /* Pods-Motivation+.debug.xcconfig */;
			buildSettings = {
				ASSETCATALOG_COMPILER_APPICON_NAME = AppIcon;
				CODE_SIGN_STYLE = Automatic;
				INFOPLIST_FILE = "Motivation+/Info.plist";
				LD_RUNPATH_SEARCH_PATHS = (
					"$(inherited)",
					"@executable_path/Frameworks",
				);
				PRODUCT_BUNDLE_IDENTIFIER = "com.yuken.Motivation-";
				PRODUCT_NAME = "$(TARGET_NAME)";
				SWIFT_VERSION = 5.0;
				TARGETED_DEVICE_FAMILY = "1,2";
			};
			name = Debug;
		};
		4568B713250AF8B600131597 /* Release */ = {
			isa = XCBuildConfiguration;
			baseConfigurationReference = FF088CB4627F31B4E92257AA /* Pods-Motivation+.release.xcconfig */;
			buildSettings = {
				ASSETCATALOG_COMPILER_APPICON_NAME = AppIcon;
				CODE_SIGN_STYLE = Automatic;
				INFOPLIST_FILE = "Motivation+/Info.plist";
				LD_RUNPATH_SEARCH_PATHS = (
					"$(inherited)",
					"@executable_path/Frameworks",
				);
				PRODUCT_BUNDLE_IDENTIFIER = "com.yuken.Motivation-";
				PRODUCT_NAME = "$(TARGET_NAME)";
				SWIFT_VERSION = 5.0;
				TARGETED_DEVICE_FAMILY = "1,2";
			};
			name = Release;
		};
/* End XCBuildConfiguration section */

/* Begin XCConfigurationList section */
		4568B6F6250AF8B200131597 /* Build configuration list for PBXProject "Motivation+" */ = {
			isa = XCConfigurationList;
			buildConfigurations = (
				4568B70F250AF8B600131597 /* Debug */,
				4568B710250AF8B600131597 /* Release */,
			);
			defaultConfigurationIsVisible = 0;
			defaultConfigurationName = Release;
		};
		4568B711250AF8B600131597 /* Build configuration list for PBXNativeTarget "Motivation+" */ = {
			isa = XCConfigurationList;
			buildConfigurations = (
				4568B712250AF8B600131597 /* Debug */,
				4568B713250AF8B600131597 /* Release */,
			);
			defaultConfigurationIsVisible = 0;
			defaultConfigurationName = Release;
		};
/* End XCConfigurationList section */
	};
	rootObject = 4568B6F3250AF8B200131597 /* Project object */;
}
